{
  "name": "auth-lambda",
  "version": "1.0.0",
  "lockfileVersion": 3,
  "requires": true,
  "packages": {
    "": {
      "name": "auth-lambda",
      "version": "1.0.0",
      "license": "ISC",
      "dependencies": {
        "aws-jwt-verify": "^5.1.1"
      }
    },
    "node_modules/aws-jwt-verify": {
      "version": "5.1.1",
      "resolved": "https://registry.npmjs.org/aws-jwt-verify/-/aws-jwt-verify-5.1.1.tgz",
      "integrity": "sha512-j6whGdGJmQ27agk4ijY8RPv6itb8JLb7SCJ86fEnneTcSBrpxuwL8kLq6y5WVH95aIknyAloEqAsaOLS1J8ITQ==",
      "license": "Apache-2.0",
      "engines": {
        "node": ">=18.0.0"
      }
    }
  }
}
